
Microsoft Visual Studio Solution File, Format Version 12.00
# Visual Studio Version 17
VisualStudioVersion = 17.13.35931.197 d17.13
MinimumVisualStudioVersion = 10.0.40219.1
Project("{FAE04EC0-301F-11D3-BF4B-00C04F79EFBC}") = "DropStoreBot.API", "DropStoreBot.API\DropStoreBot.API.csproj", "{49D7F290-D747-48D5-BFC2-CCDC0DBEBF1E}"
EndProject
Project("{FAE04EC0-301F-11D3-BF4B-00C04F79EFBC}") = "DropStoreBot.Core", "DropStoreBot.Core\DropStoreBot.Core.csproj", "{9DB91244-1CC2-4710-8266-85A8F06C4FEA}"
EndProject
Project("{FAE04EC0-301F-11D3-BF4B-00C04F79EFBC}") = "DropStoreBot.Application", "DropStoreBot.Application\DropStoreBot.Application.csproj", "{70DEAEF8-31AE-4E2F-9103-14FF4229F205}"
EndProject
Project("{FAE04EC0-301F-11D3-BF4B-00C04F79EFBC}") = "DropStoreBot.Infrastructure", "DropStoreBot.Infrastructure\DropStoreBot.Infrastructure.csproj", "{D6B15094-4E49-44CD-914D-B88E07BC17DE}"
EndProject
Project("{FAE04EC0-301F-11D3-BF4B-00C04F79EFBC}") = "DropStoreBot.Bot", "DropStoreBot.Bot\DropStoreBot.Bot.csproj", "{A4E51F1D-6C80-4B66-9731-ADDE5FE43D0C}"
EndProject
Global
	GlobalSection(SolutionConfigurationPlatforms) = preSolution
		Debug|Any CPU = Debug|Any CPU
		Release|Any CPU = Release|Any CPU
	EndGlobalSection
	GlobalSection(ProjectConfigurationPlatforms) = postSolution
		{49D7F290-D747-48D5-BFC2-CCDC0DBEBF1E}.Debug|Any CPU.ActiveCfg = Debug|Any CPU
		{49D7F290-D747-48D5-BFC2-CCDC0DBEBF1E}.Debug|Any CPU.Build.0 = Debug|Any CPU
		{49D7F290-D747-48D5-BFC2-CCDC0DBEBF1E}.Release|Any CPU.ActiveCfg = Release|Any CPU
		{49D7F290-D747-48D5-BFC2-CCDC0DBEBF1E}.Release|Any CPU.Build.0 = Release|Any CPU
		{9DB91244-1CC2-4710-8266-85A8F06C4FEA}.Debug|Any CPU.ActiveCfg = Debug|Any CPU
		{9DB91244-1CC2-4710-8266-85A8F06C4FEA}.Debug|Any CPU.Build.0 = Debug|Any CPU
		{9DB91244-1CC2-4710-8266-85A8F06C4FEA}.Release|Any CPU.ActiveCfg = Release|Any CPU
		{9DB91244-1CC2-4710-8266-85A8F06C4FEA}.Release|Any CPU.Build.0 = Release|Any CPU
		{70DEAEF8-31AE-4E2F-9103-14FF4229F205}.Debug|Any CPU.ActiveCfg = Debug|Any CPU
		{70DEAEF8-31AE-4E2F-9103-14FF4229F205}.Debug|Any CPU.Build.0 = Debug|Any CPU
		{70DEAEF8-31AE-4E2F-9103-14FF4229F205}.Release|Any CPU.ActiveCfg = Release|Any CPU
		{70DEAEF8-31AE-4E2F-9103-14FF4229F205}.Release|Any CPU.Build.0 = Release|Any CPU
		{D6B15094-4E49-44CD-914D-B88E07BC17DE}.Debug|Any CPU.ActiveCfg = Debug|Any CPU
		{D6B15094-4E49-44CD-914D-B88E07BC17DE}.Debug|Any CPU.Build.0 = Debug|Any CPU
		{D6B15094-4E49-44CD-914D-B88E07BC17DE}.Release|Any CPU.ActiveCfg = Release|Any CPU
		{D6B15094-4E49-44CD-914D-B88E07BC17DE}.Release|Any CPU.Build.0 = Release|Any CPU
		{A4E51F1D-6C80-4B66-9731-ADDE5FE43D0C}.Debug|Any CPU.ActiveCfg = Debug|Any CPU
		{A4E51F1D-6C80-4B66-9731-ADDE5FE43D0C}.Debug|Any CPU.Build.0 = Debug|Any CPU
		{A4E51F1D-6C80-4B66-9731-ADDE5FE43D0C}.Release|Any CPU.ActiveCfg = Release|Any CPU
		{A4E51F1D-6C80-4B66-9731-ADDE5FE43D0C}.Release|Any CPU.Build.0 = Release|Any CPU
	EndGlobalSection
	GlobalSection(SolutionProperties) = preSolution
		HideSolutionNode = FALSE
	EndGlobalSection
	GlobalSection(ExtensibilityGlobals) = postSolution
		SolutionGuid = {E466DDC7-0780-444D-9CE0-1BD3BBF84022}
	EndGlobalSection
EndGlobal
